
Microsoft Visual Studio Solution File, Format Version 12.00
# Visual Studio Version 16
VisualStudioVersion = 16.0.30804.86
MinimumVisualStudioVersion = 10.0.40219.1
Project("{FAE04EC0-301F-11D3-BF4B-00C04F79EFBC}") = "WPFHotariStyledUserControls", "WPFHotariStyledUserControls\WPFHotariStyledUserControls.csproj", "{0588D767-046F-49AC-B8F3-50C2E468227B}"
EndProject
Project("{9A19103F-16F7-4668-BE54-9A1E7A4F7556}") = "WPFHotariStyles", "..\WPFHotariStyles\WPFHotariStyles\WPFHotariStyles.csproj", "{62CAE12F-B208-4A4A-88B1-B38E661D3781}"
EndProject
Global
	GlobalSection(SolutionConfigurationPlatforms) = preSolution
		Debug|Any CPU = Debug|Any CPU
		Release|Any CPU = Release|Any CPU
	EndGlobalSection
	GlobalSection(ProjectConfigurationPlatforms) = postSolution
		{0588D767-046F-49AC-B8F3-50C2E468227B}.Debug|Any CPU.ActiveCfg = Debug|Any CPU
		{0588D767-046F-49AC-B8F3-50C2E468227B}.Debug|Any CPU.Build.0 = Debug|Any CPU
		{0588D767-046F-49AC-B8F3-50C2E468227B}.Release|Any CPU.ActiveCfg = Release|Any CPU
		{0588D767-046F-49AC-B8F3-50C2E468227B}.Release|Any CPU.Build.0 = Release|Any CPU
		{62CAE12F-B208-4A4A-88B1-B38E661D3781}.Debug|Any CPU.ActiveCfg = Debug|Any CPU
		{62CAE12F-B208-4A4A-88B1-B38E661D3781}.Debug|Any CPU.Build.0 = Debug|Any CPU
		{62CAE12F-B208-4A4A-88B1-B38E661D3781}.Release|Any CPU.ActiveCfg = Release|Any CPU
		{62CAE12F-B208-4A4A-88B1-B38E661D3781}.Release|Any CPU.Build.0 = Release|Any CPU
	EndGlobalSection
	GlobalSection(SolutionProperties) = preSolution
		HideSolutionNode = FALSE
	EndGlobalSection
	GlobalSection(ExtensibilityGlobals) = postSolution
		SolutionGuid = {76053D9D-050A-4A9D-85FF-FBC1955B883B}
	EndGlobalSection
EndGlobal
